
Microsoft Visual Studio Solution File, Format Version 12.00
# Visual Studio Version 16
VisualStudioVersion = 16.0.30114.105
MinimumVisualStudioVersion = 10.0.40219.1
Project("{FAE04EC0-301F-11D3-BF4B-00C04F79EFBC}") = "CadastroFornecedor", "CadastroFornecedor.csproj", "{4F5DC987-2416-4290-8C8E-B37B49660C13}"
EndProject
Global
	GlobalSection(SolutionConfigurationPlatforms) = preSolution
		Debug|Any CPU = Debug|Any CPU
		Release|Any CPU = Release|Any CPU
	EndGlobalSection
	GlobalSection(ProjectConfigurationPlatforms) = postSolution
		{4F5DC987-2416-4290-8C8E-B37B49660C13}.Debug|Any CPU.ActiveCfg = Debug|Any CPU
		{4F5DC987-2416-4290-8C8E-B37B49660C13}.Debug|Any CPU.Build.0 = Debug|Any CPU
		{4F5DC987-2416-4290-8C8E-B37B49660C13}.Release|Any CPU.ActiveCfg = Release|Any CPU
		{4F5DC987-2416-4290-8C8E-B37B49660C13}.Release|Any CPU.Build.0 = Release|Any CPU
	EndGlobalSection
	GlobalSection(SolutionProperties) = preSolution
		HideSolutionNode = FALSE
	EndGlobalSection
	GlobalSection(ExtensibilityGlobals) = postSolution
		SolutionGuid = {339118C9-9D4A-46DC-89CC-9DB60AC679D8}
	EndGlobalSection
EndGlobal
